
Microsoft Visual Studio Solution File, Format Version 12.00
# Visual Studio Version 16
VisualStudioVersion = 16.0.31321.278
MinimumVisualStudioVersion = 10.0.40219.1
Project("{FAE04EC0-301F-11D3-BF4B-00C04F79EFBC}") = "RestWithASPNETUdemy", "RestWithASPNETUdemy\RestWithASPNETUdemy.csproj", "{BBA3A276-1FF7-4B5B-AC9D-9A184931566B}"
EndProject
Global
	GlobalSection(SolutionConfigurationPlatforms) = preSolution
		Debug|Any CPU = Debug|Any CPU
		Release|Any CPU = Release|Any CPU
	EndGlobalSection
	GlobalSection(ProjectConfigurationPlatforms) = postSolution
		{BBA3A276-1FF7-4B5B-AC9D-9A184931566B}.Debug|Any CPU.ActiveCfg = Debug|Any CPU
		{BBA3A276-1FF7-4B5B-AC9D-9A184931566B}.Debug|Any CPU.Build.0 = Debug|Any CPU
		{BBA3A276-1FF7-4B5B-AC9D-9A184931566B}.Release|Any CPU.ActiveCfg = Release|Any CPU
		{BBA3A276-1FF7-4B5B-AC9D-9A184931566B}.Release|Any CPU.Build.0 = Release|Any CPU
	EndGlobalSection
	GlobalSection(SolutionProperties) = preSolution
		HideSolutionNode = FALSE
	EndGlobalSection
	GlobalSection(ExtensibilityGlobals) = postSolution
		SolutionGuid = {66D66AD8-2A2B-488B-BAA4-EE19FDC6DA5F}
	EndGlobalSection
EndGlobal
